// !$*UTF8*$!
{
	archiveVersion = 1;
	classes = {
	};
	objectVersion = 48;
	objects = {

/* Begin PBXBuildFile section */
		A40D444A200248EF00A14AD1 /* SettingsViewController.swift in Sources */ = {isa = PBXBuildFile; fileRef = A40D4449200248EF00A14AD1 /* SettingsViewController.swift */; };
		A410E19E2045A8AC00D58CB0 /* ExtractShareViewController.swift in Sources */ = {isa = PBXBuildFile; fileRef = A410E19D2045A8AC00D58CB0 /* ExtractShareViewController.swift */; };
		A410E1A12045A8AC00D58CB0 /* MainInterface.storyboard in Resources */ = {isa = PBXBuildFile; fileRef = A410E19F2045A8AC00D58CB0 /* MainInterface.storyboard */; };
		A410E1A52045A8AC00D58CB0 /* Extract.appex in Embed App Extensions */ = {isa = PBXBuildFile; fileRef = A410E19B2045A8AC00D58CB0 /* Extract.appex */; settings = {ATTRIBUTES = (RemoveHeadersOnCopy, ); }; };
		A418AC7E2000092000E3EAF1 /* Common.swift in Sources */ = {isa = PBXBuildFile; fileRef = A418AC7D2000092000E3EAF1 /* Common.swift */; };
		A41B484D20028430005A9161 /* TypesViewController.swift in Sources */ = {isa = PBXBuildFile; fileRef = A41B484C20028430005A9161 /* TypesViewController.swift */; };
		A41FEB132000EFB700149DEE /* TabBarController.swift in Sources */ = {isa = PBXBuildFile; fileRef = A41FEB122000EFB700149DEE /* TabBarController.swift */; };
		A42F79E920790E6E006CD1D5 /* InAppPurchases.swift in Sources */ = {isa = PBXBuildFile; fileRef = A42F79E820790E6E006CD1D5 /* InAppPurchases.swift */; };
		A42F79EB20790FE2006CD1D5 /* InAppPurchaseService.swift in Sources */ = {isa = PBXBuildFile; fileRef = A42F79EA20790FE2006CD1D5 /* InAppPurchaseService.swift */; };
		A447A5D32078E73C0003FEEC /* StoreKit.framework in Frameworks */ = {isa = PBXBuildFile; fileRef = A447A5D22078E73C0003FEEC /* StoreKit.framework */; };
		A44E4E741FFA915C00CBE189 /* AppDelegate.swift in Sources */ = {isa = PBXBuildFile; fileRef = A44E4E731FFA915C00CBE189 /* AppDelegate.swift */; };
		A44E4E761FFA915D00CBE189 /* OverviewViewController.swift in Sources */ = {isa = PBXBuildFile; fileRef = A44E4E751FFA915D00CBE189 /* OverviewViewController.swift */; };
		A44E4E791FFA915D00CBE189 /* Main.storyboard in Resources */ = {isa = PBXBuildFile; fileRef = A44E4E771FFA915D00CBE189 /* Main.storyboard */; };
		A44E4E7E1FFA915D00CBE189 /* LaunchScreen.storyboard in Resources */ = {isa = PBXBuildFile; fileRef = A44E4E7C1FFA915D00CBE189 /* LaunchScreen.storyboard */; };
		A45F5A21204EC7C5001E2AA0 /* ExtractNavController.swift in Sources */ = {isa = PBXBuildFile; fileRef = A45F5A20204EC7C5001E2AA0 /* ExtractNavController.swift */; };
		A468034920764C7F0088731A /* FilesCollectionViewCell.swift in Sources */ = {isa = PBXBuildFile; fileRef = A468034820764C7F0088731A /* FilesCollectionViewCell.swift */; };
		A468034F2076579A0088731A /* FilesCollectionViewLayout.swift in Sources */ = {isa = PBXBuildFile; fileRef = A468034E2076579A0088731A /* FilesCollectionViewLayout.swift */; };
		A47B4606205BBB5300B36AF0 /* Extract.storyboard in Resources */ = {isa = PBXBuildFile; fileRef = A47B4608205BBB5300B36AF0 /* Extract.storyboard */; };
		A47B460B205BBC4400B36AF0 /* Settings.storyboard in Resources */ = {isa = PBXBuildFile; fileRef = A47B460D205BBC4400B36AF0 /* Settings.storyboard */; };
		A47F8156205BE71700930F78 /* Localizable.strings in Resources */ = {isa = PBXBuildFile; fileRef = A47F8154205BE71700930F78 /* Localizable.strings */; };
		A47F8159205BE77100930F78 /* Localizable.strings in Resources */ = {isa = PBXBuildFile; fileRef = A47F8157205BE77100930F78 /* Localizable.strings */; };
		A47F815D205BE7B500930F78 /* Localizable.strings in Resources */ = {isa = PBXBuildFile; fileRef = A47F815B205BE7B500930F78 /* Localizable.strings */; };
		A482821620025F5500DC2131 /* Notifications.swift in Sources */ = {isa = PBXBuildFile; fileRef = A482821520025F5500DC2131 /* Notifications.swift */; };
		A482821920025FC200DC2131 /* Prefs.swift in Sources */ = {isa = PBXBuildFile; fileRef = A482821820025FC200DC2131 /* Prefs.swift */; };
		A48DB9042048948900E9619E /* ExtractViewController.swift in Sources */ = {isa = PBXBuildFile; fileRef = A48DB9032048948900E9619E /* ExtractViewController.swift */; };
		A48E039420764844004FCC42 /* FilesViewController.swift in Sources */ = {isa = PBXBuildFile; fileRef = A48E039320764844004FCC42 /* FilesViewController.swift */; };
		A48EFC43200F86AE0084B0D5 /* TypeDetailViewController.swift in Sources */ = {isa = PBXBuildFile; fileRef = A48EFC42200F86AE0084B0D5 /* TypeDetailViewController.swift */; };
		A4A9E1252028A46B00146E4B /* Assets.xcassets in Resources */ = {isa = PBXBuildFile; fileRef = A44E4E7A1FFA915D00CBE189 /* Assets.xcassets */; };
		A4A9E1262028A63D00146E4B /* Assets.xcassets in Resources */ = {isa = PBXBuildFile; fileRef = A44E4E7A1FFA915D00CBE189 /* Assets.xcassets */; };
		A4B438192029AC6C0053CF54 /* HashFunctionDetailViewController.swift in Sources */ = {isa = PBXBuildFile; fileRef = A4B438182029AC6C0053CF54 /* HashFunctionDetailViewController.swift */; };
		A4B4381B2029C4E00053CF54 /* HashNotifications.swift in Sources */ = {isa = PBXBuildFile; fileRef = A4B4381A2029C4E00053CF54 /* HashNotifications.swift */; };
		A4D856342026F8F700166316 /* HashActionViewController.swift in Sources */ = {isa = PBXBuildFile; fileRef = A4D856332026F8F700166316 /* HashActionViewController.swift */; };
		A4D856372026F8F700166316 /* MainInterface.storyboard in Resources */ = {isa = PBXBuildFile; fileRef = A4D856352026F8F700166316 /* MainInterface.storyboard */; };
		A4D8563B2026F8F700166316 /* Hash.appex in Embed App Extensions */ = {isa = PBXBuildFile; fileRef = A4D856312026F8F700166316 /* Hash.appex */; settings = {ATTRIBUTES = (RemoveHeadersOnCopy, ); }; };
		A4EB420C202992CC0020D347 /* Crc32.swift in Sources */ = {isa = PBXBuildFile; fileRef = A4EB420B202992CC0020D347 /* Crc32.swift */; };
		A4EB420F2029A22A0020D347 /* HashPrefs.swift in Sources */ = {isa = PBXBuildFile; fileRef = A4EB420E2029A22A0020D347 /* HashPrefs.swift */; };
		C2A70CD4828C1F21F8284DE0 /* Pods_localstorage.framework in Frameworks */ = {isa = PBXBuildFile; fileRef = E3CA65CD16296590B7A8EB6E /* Pods_localstorage.framework */; };
		E929BF3DBC31A6D0BDAD1A3C /* Pods_Hash.framework in Frameworks */ = {isa = PBXBuildFile; fileRef = 9012EE8990E6C56E2972487C /* Pods_Hash.framework */; };
/* End PBXBuildFile section */

/* Begin PBXContainerItemProxy section */
		A410E1A32045A8AC00D58CB0 /* PBXContainerItemProxy */ = {
			isa = PBXContainerItemProxy;
			containerPortal = A44E4E681FFA915C00CBE189 /* Project object */;
			proxyType = 1;
			remoteGlobalIDString = A410E19A2045A8AC00D58CB0;
			remoteInfo = Zip;
		};
		A4D856392026F8F700166316 /* PBXContainerItemProxy */ = {
			isa = PBXContainerItemProxy;
			containerPortal = A44E4E681FFA915C00CBE189 /* Project object */;
			proxyType = 1;
			remoteGlobalIDString = A4D856302026F8F700166316;
			remoteInfo = Hash;
		};
/* End PBXContainerItemProxy section */

/* Begin PBXCopyFilesBuildPhase section */
		A4D8563F2026F8F700166316 /* Embed App Extensions */ = {
			isa = PBXCopyFilesBuildPhase;
			buildActionMask = 2147483647;
			dstPath = "";
			dstSubfolderSpec = 13;
			files = (
				A4D8563B2026F8F700166316 /* Hash.appex in Embed App Extensions */,
				A410E1A52045A8AC00D58CB0 /* Extract.appex in Embed App Extensions */,
			);
			name = "Embed App Extensions";
			runOnlyForDeploymentPostprocessing = 0;
		};
/* End PBXCopyFilesBuildPhase section */

/* Begin PBXFileReference section */
		43CC08BD8E0660F30906539E /* Pods-Hash.debug.xcconfig */ = {isa = PBXFileReference; includeInIndex = 1; lastKnownFileType = text.xcconfig; name = "Pods-Hash.debug.xcconfig"; path = "Pods/Target Support Files/Pods-Hash/Pods-Hash.debug.xcconfig"; sourceTree = "<group>"; };
		7C86CD324DD4835BFD3A40EB /* Pods-Unzip.release.xcconfig */ = {isa = PBXFileReference; includeInIndex = 1; lastKnownFileType = text.xcconfig; name = "Pods-Unzip.release.xcconfig"; path = "Pods/Target Support Files/Pods-Unzip/Pods-Unzip.release.xcconfig"; sourceTree = "<group>"; };
		7D4EAA4CBBF37B5D771452C5 /* Pods-Unzip.debug.xcconfig */ = {isa = PBXFileReference; includeInIndex = 1; lastKnownFileType = text.xcconfig; name = "Pods-Unzip.debug.xcconfig"; path = "Pods/Target Support Files/Pods-Unzip/Pods-Unzip.debug.xcconfig"; sourceTree = "<group>"; };
		9012EE8990E6C56E2972487C /* Pods_Hash.framework */ = {isa = PBXFileReference; explicitFileType = wrapper.framework; includeInIndex = 0; path = Pods_Hash.framework; sourceTree = BUILT_PRODUCTS_DIR; };
		90A5038D6665A7E32F0EBEA4 /* Pods_Unzip.framework */ = {isa = PBXFileReference; explicitFileType = wrapper.framework; includeInIndex = 0; path = Pods_Unzip.framework; sourceTree = BUILT_PRODUCTS_DIR; };
		A40D4449200248EF00A14AD1 /* SettingsViewController.swift */ = {isa = PBXFileReference; lastKnownFileType = sourcecode.swift; path = SettingsViewController.swift; sourceTree = "<group>"; };
		A410E1952045A0B800D58CB0 /* localstorage.entitlements */ = {isa = PBXFileReference; lastKnownFileType = text.plist.entitlements; path = localstorage.entitlements; sourceTree = "<group>"; };
		A410E19B2045A8AC00D58CB0 /* Extract.appex */ = {isa = PBXFileReference; explicitFileType = "wrapper.app-extension"; includeInIndex = 0; path = Extract.appex; sourceTree = BUILT_PRODUCTS_DIR; };
		A410E19D2045A8AC00D58CB0 /* ExtractShareViewController.swift */ = {isa = PBXFileReference; lastKnownFileType = sourcecode.swift; path = ExtractShareViewController.swift; sourceTree = "<group>"; };
		A410E1A02045A8AC00D58CB0 /* Base */ = {isa = PBXFileReference; lastKnownFileType = file.storyboard; name = Base; path = Base.lproj/MainInterface.storyboard; sourceTree = "<group>"; };
		A410E1A22045A8AC00D58CB0 /* Info.plist */ = {isa = PBXFileReference; lastKnownFileType = text.plist.xml; path = Info.plist; sourceTree = "<group>"; };
		A416BFC920491B3200C6B8CB /* Extract.entitlements */ = {isa = PBXFileReference; lastKnownFileType = text.plist.entitlements; path = Extract.entitlements; sourceTree = "<group>"; };
		A418AC7D2000092000E3EAF1 /* Common.swift */ = {isa = PBXFileReference; lastKnownFileType = sourcecode.swift; path = Common.swift; sourceTree = "<group>"; };
		A41B484C20028430005A9161 /* TypesViewController.swift */ = {isa = PBXFileReference; lastKnownFileType = sourcecode.swift; path = TypesViewController.swift; sourceTree = "<group>"; };
		A41FEB122000EFB700149DEE /* TabBarController.swift */ = {isa = PBXFileReference; lastKnownFileType = sourcecode.swift; path = TabBarController.swift; sourceTree = "<group>"; };
		A42F79E820790E6E006CD1D5 /* InAppPurchases.swift */ = {isa = PBXFileReference; lastKnownFileType = sourcecode.swift; path = InAppPurchases.swift; sourceTree = "<group>"; };
		A42F79EA20790FE2006CD1D5 /* InAppPurchaseService.swift */ = {isa = PBXFileReference; lastKnownFileType = sourcecode.swift; path = InAppPurchaseService.swift; sourceTree = "<group>"; };
		A447A5D22078E73C0003FEEC /* StoreKit.framework */ = {isa = PBXFileReference; lastKnownFileType = wrapper.framework; name = StoreKit.framework; path = System/Library/Frameworks/StoreKit.framework; sourceTree = SDKROOT; };
		A44E4E701FFA915C00CBE189 /* localstorage.app */ = {isa = PBXFileReference; explicitFileType = wrapper.application; includeInIndex = 0; path = localstorage.app; sourceTree = BUILT_PRODUCTS_DIR; };
		A44E4E731FFA915C00CBE189 /* AppDelegate.swift */ = {isa = PBXFileReference; lastKnownFileType = sourcecode.swift; path = AppDelegate.swift; sourceTree = "<group>"; };
		A44E4E751FFA915D00CBE189 /* OverviewViewController.swift */ = {isa = PBXFileReference; lastKnownFileType = sourcecode.swift; path = OverviewViewController.swift; sourceTree = "<group>"; };
		A44E4E781FFA915D00CBE189 /* Base */ = {isa = PBXFileReference; lastKnownFileType = file.storyboard; name = Base; path = Base.lproj/Main.storyboard; sourceTree = "<group>"; };
		A44E4E7A1FFA915D00CBE189 /* Assets.xcassets */ = {isa = PBXFileReference; lastKnownFileType = folder.assetcatalog; path = Assets.xcassets; sourceTree = "<group>"; };
		A44E4E7D1FFA915D00CBE189 /* Base */ = {isa = PBXFileReference; lastKnownFileType = file.storyboard; name = Base; path = Base.lproj/LaunchScreen.storyboard; sourceTree = "<group>"; };
		A44E4E7F1FFA915D00CBE189 /* Info.plist */ = {isa = PBXFileReference; lastKnownFileType = text.plist.xml; path = Info.plist; sourceTree = "<group>"; };
		A45F5A20204EC7C5001E2AA0 /* ExtractNavController.swift */ = {isa = PBXFileReference; lastKnownFileType = sourcecode.swift; path = ExtractNavController.swift; sourceTree = "<group>"; };
		A468034820764C7F0088731A /* FilesCollectionViewCell.swift */ = {isa = PBXFileReference; lastKnownFileType = sourcecode.swift; path = FilesCollectionViewCell.swift; sourceTree = "<group>"; };
		A468034E2076579A0088731A /* FilesCollectionViewLayout.swift */ = {isa = PBXFileReference; lastKnownFileType = sourcecode.swift; path = FilesCollectionViewLayout.swift; sourceTree = "<group>"; };
		A47B4603205BB38E00B36AF0 /* de */ = {isa = PBXFileReference; lastKnownFileType = text.plist.strings; name = de; path = de.lproj/Main.strings; sourceTree = "<group>"; };
		A47B4604205BB38E00B36AF0 /* de */ = {isa = PBXFileReference; lastKnownFileType = text.plist.strings; name = de; path = de.lproj/MainInterface.strings; sourceTree = "<group>"; };
		A47B4607205BBB5300B36AF0 /* Base */ = {isa = PBXFileReference; lastKnownFileType = file.storyboard; name = Base; path = Base.lproj/Extract.storyboard; sourceTree = "<group>"; };
		A47B460A205BBB7600B36AF0 /* de */ = {isa = PBXFileReference; lastKnownFileType = text.plist.strings; name = de; path = de.lproj/Extract.strings; sourceTree = "<group>"; };
		A47B460C205BBC4400B36AF0 /* Base */ = {isa = PBXFileReference; lastKnownFileType = file.storyboard; name = Base; path = Base.lproj/Settings.storyboard; sourceTree = "<group>"; };
		A47B460F205BBC4A00B36AF0 /* de */ = {isa = PBXFileReference; lastKnownFileType = text.plist.strings; name = de; path = de.lproj/Settings.strings; sourceTree = "<group>"; };
		A47F8155205BE71700930F78 /* de */ = {isa = PBXFileReference; lastKnownFileType = text.plist.strings; name = de; path = Main/de.lproj/Localizable.strings; sourceTree = "<group>"; };
		A47F8158205BE77100930F78 /* de */ = {isa = PBXFileReference; lastKnownFileType = text.plist.strings; name = de; path = de.lproj/Localizable.strings; sourceTree = "<group>"; };
		A47F815C205BE7B500930F78 /* de */ = {isa = PBXFileReference; lastKnownFileType = text.plist.strings; name = de; path = de.lproj/Localizable.strings; sourceTree = "<group>"; };
		A482821520025F5500DC2131 /* Notifications.swift */ = {isa = PBXFileReference; lastKnownFileType = sourcecode.swift; path = Notifications.swift; sourceTree = "<group>"; };
		A482821820025FC200DC2131 /* Prefs.swift */ = {isa = PBXFileReference; lastKnownFileType = sourcecode.swift; path = Prefs.swift; sourceTree = "<group>"; };
		A48DB9032048948900E9619E /* ExtractViewController.swift */ = {isa = PBXFileReference; lastKnownFileType = sourcecode.swift; path = ExtractViewController.swift; sourceTree = "<group>"; };
		A48E039320764844004FCC42 /* FilesViewController.swift */ = {isa = PBXFileReference; lastKnownFileType = sourcecode.swift; path = FilesViewController.swift; sourceTree = "<group>"; };
		A48EFC42200F86AE0084B0D5 /* TypeDetailViewController.swift */ = {isa = PBXFileReference; lastKnownFileType = sourcecode.swift; path = TypeDetailViewController.swift; sourceTree = "<group>"; };
		A4B438182029AC6C0053CF54 /* HashFunctionDetailViewController.swift */ = {isa = PBXFileReference; lastKnownFileType = sourcecode.swift; name = HashFunctionDetailViewController.swift; path = Hash/HashFunctionDetailViewController.swift; sourceTree = SOURCE_ROOT; };
		A4B4381A2029C4E00053CF54 /* HashNotifications.swift */ = {isa = PBXFileReference; lastKnownFileType = sourcecode.swift; path = HashNotifications.swift; sourceTree = "<group>"; };
		A4D856312026F8F700166316 /* Hash.appex */ = {isa = PBXFileReference; explicitFileType = "wrapper.app-extension"; includeInIndex = 0; path = Hash.appex; sourceTree = BUILT_PRODUCTS_DIR; };
		A4D856332026F8F700166316 /* HashActionViewController.swift */ = {isa = PBXFileReference; lastKnownFileType = sourcecode.swift; path = HashActionViewController.swift; sourceTree = "<group>"; };
		A4D856362026F8F700166316 /* Base */ = {isa = PBXFileReference; lastKnownFileType = file.storyboard; name = Base; path = Base.lproj/MainInterface.storyboard; sourceTree = "<group>"; };
		A4D856382026F8F700166316 /* Info.plist */ = {isa = PBXFileReference; lastKnownFileType = text.plist.xml; path = Info.plist; sourceTree = "<group>"; };
		A4EB420B202992CC0020D347 /* Crc32.swift */ = {isa = PBXFileReference; lastKnownFileType = sourcecode.swift; path = Crc32.swift; sourceTree = "<group>"; };
		A4EB420E2029A22A0020D347 /* HashPrefs.swift */ = {isa = PBXFileReference; lastKnownFileType = sourcecode.swift; path = HashPrefs.swift; sourceTree = "<group>"; };
		CACE514122A426F15A2F3133 /* Pods-localstorage.release.xcconfig */ = {isa = PBXFileReference; includeInIndex = 1; lastKnownFileType = text.xcconfig; name = "Pods-localstorage.release.xcconfig"; path = "Pods/Target Support Files/Pods-localstorage/Pods-localstorage.release.xcconfig"; sourceTree = "<group>"; };
		D869EBF50C8D622D903F3BF8 /* Pods-Hash.release.xcconfig */ = {isa = PBXFileReference; includeInIndex = 1; lastKnownFileType = text.xcconfig; name = "Pods-Hash.release.xcconfig"; path = "Pods/Target Support Files/Pods-Hash/Pods-Hash.release.xcconfig"; sourceTree = "<group>"; };
		E3CA65CD16296590B7A8EB6E /* Pods_localstorage.framework */ = {isa = PBXFileReference; explicitFileType = wrapper.framework; includeInIndex = 0; path = Pods_localstorage.framework; sourceTree = BUILT_PRODUCTS_DIR; };
		E9DFAF4D37433A07795BD64C /* Pods-localstorage.debug.xcconfig */ = {isa = PBXFileReference; includeInIndex = 1; lastKnownFileType = text.xcconfig; name = "Pods-localstorage.debug.xcconfig"; path = "Pods/Target Support Files/Pods-localstorage/Pods-localstorage.debug.xcconfig"; sourceTree = "<group>"; };
/* End PBXFileReference section */

/* Begin PBXFrameworksBuildPhase section */
		A410E1982045A8AC00D58CB0 /* Frameworks */ = {
			isa = PBXFrameworksBuildPhase;
			buildActionMask = 2147483647;
			files = (
			);
			runOnlyForDeploymentPostprocessing = 0;
		};
		A44E4E6D1FFA915C00CBE189 /* Frameworks */ = {
			isa = PBXFrameworksBuildPhase;
			buildActionMask = 2147483647;
			files = (
				C2A70CD4828C1F21F8284DE0 /* Pods_localstorage.framework in Frameworks */,
				A447A5D32078E73C0003FEEC /* StoreKit.framework in Frameworks */,
			);
			runOnlyForDeploymentPostprocessing = 0;
		};
		A4D8562E2026F8F700166316 /* Frameworks */ = {
			isa = PBXFrameworksBuildPhase;
			buildActionMask = 2147483647;
			files = (
				E929BF3DBC31A6D0BDAD1A3C /* Pods_Hash.framework in Frameworks */,
			);
			runOnlyForDeploymentPostprocessing = 0;
		};
/* End PBXFrameworksBuildPhase section */

/* Begin PBXGroup section */
		9581D3889740C3D422F2D844 /* Frameworks */ = {
			isa = PBXGroup;
			children = (
				A447A5D22078E73C0003FEEC /* StoreKit.framework */,
				E3CA65CD16296590B7A8EB6E /* Pods_localstorage.framework */,
				9012EE8990E6C56E2972487C /* Pods_Hash.framework */,
				90A5038D6665A7E32F0EBEA4 /* Pods_Unzip.framework */,
			);
			name = Frameworks;
			sourceTree = "<group>";
		};
		A410E19C2045A8AC00D58CB0 /* Extract */ = {
			isa = PBXGroup;
			children = (
				A47F815F205BE9AC00930F78 /* de */,
				A416BFC920491B3200C6B8CB /* Extract.entitlements */,
				A410E19D2045A8AC00D58CB0 /* ExtractShareViewController.swift */,
				A410E19F2045A8AC00D58CB0 /* MainInterface.storyboard */,
				A410E1A22045A8AC00D58CB0 /* Info.plist */,
			);
			path = Extract;
			sourceTree = "<group>";
		};
		A44E4E671FFA915C00CBE189 = {
			isa = PBXGroup;
			children = (
				A410E1952045A0B800D58CB0 /* localstorage.entitlements */,
				A44E4E7A1FFA915D00CBE189 /* Assets.xcassets */,
				A44E4E721FFA915C00CBE189 /* Local Storage */,
				A4D856322026F8F700166316 /* Hash */,
				A410E19C2045A8AC00D58CB0 /* Extract */,
				A44E4E711FFA915C00CBE189 /* Products */,
				DFDC8A6C3DFDCA4D530EEE57 /* Pods */,
				9581D3889740C3D422F2D844 /* Frameworks */,
			);
			sourceTree = "<group>";
		};
		A44E4E711FFA915C00CBE189 /* Products */ = {
			isa = PBXGroup;
			children = (
				A44E4E701FFA915C00CBE189 /* localstorage.app */,
				A4D856312026F8F700166316 /* Hash.appex */,
				A410E19B2045A8AC00D58CB0 /* Extract.appex */,
			);
			name = Products;
			sourceTree = "<group>";
		};
		A44E4E721FFA915C00CBE189 /* Local Storage */ = {
			isa = PBXGroup;
			children = (
				A47F8160205BE9B700930F78 /* de */,
				A44E4E7F1FFA915D00CBE189 /* Info.plist */,
				A44E4E731FFA915C00CBE189 /* AppDelegate.swift */,
				A418AC7D2000092000E3EAF1 /* Common.swift */,
				A482821520025F5500DC2131 /* Notifications.swift */,
				A482821820025FC200DC2131 /* Prefs.swift */,
				A493A4B7200277A300B229CB /* Launch Screen */,
				A482821720025F8500DC2131 /* Main */,
				A49C0DD11FFE66C1006BE494 /* Settings */,
			);
			path = "Local Storage";
			sourceTree = "<group>";
		};
		A47F815E205BE95800930F78 /* de */ = {
			isa = PBXGroup;
			children = (
				A47F8157205BE77100930F78 /* Localizable.strings */,
			);
			path = de;
			sourceTree = "<group>";
		};
		A47F815F205BE9AC00930F78 /* de */ = {
			isa = PBXGroup;
			children = (
				A47F815B205BE7B500930F78 /* Localizable.strings */,
			);
			path = de;
			sourceTree = "<group>";
		};
		A47F8160205BE9B700930F78 /* de */ = {
			isa = PBXGroup;
			children = (
				A47F8154205BE71700930F78 /* Localizable.strings */,
			);
			path = de;
			sourceTree = "<group>";
		};
		A482821720025F8500DC2131 /* Main */ = {
			isa = PBXGroup;
			children = (
				A48E0391207647F3004FCC42 /* Extract */,
				A44E4E771FFA915D00CBE189 /* Main.storyboard */,
				A41FEB122000EFB700149DEE /* TabBarController.swift */,
				A48E038F207647D2004FCC42 /* Overview */,
				A48E0390207647E3004FCC42 /* Types */,
				A48E039220764819004FCC42 /* Files */,
			);
			path = Main;
			sourceTree = "<group>";
		};
		A48E038F207647D2004FCC42 /* Overview */ = {
			isa = PBXGroup;
			children = (
				A44E4E751FFA915D00CBE189 /* OverviewViewController.swift */,
			);
			path = Overview;
			sourceTree = "<group>";
		};
		A48E0390207647E3004FCC42 /* Types */ = {
			isa = PBXGroup;
			children = (
				A41B484C20028430005A9161 /* TypesViewController.swift */,
				A48EFC42200F86AE0084B0D5 /* TypeDetailViewController.swift */,
			);
			path = Types;
			sourceTree = "<group>";
		};
		A48E0391207647F3004FCC42 /* Extract */ = {
			isa = PBXGroup;
			children = (
				A47B4608205BBB5300B36AF0 /* Extract.storyboard */,
				A45F5A20204EC7C5001E2AA0 /* ExtractNavController.swift */,
				A48DB9032048948900E9619E /* ExtractViewController.swift */,
			);
			path = Extract;
			sourceTree = "<group>";
		};
		A48E039220764819004FCC42 /* Files */ = {
			isa = PBXGroup;
			children = (
				A48E039320764844004FCC42 /* FilesViewController.swift */,
				A468034E2076579A0088731A /* FilesCollectionViewLayout.swift */,
				A468034820764C7F0088731A /* FilesCollectionViewCell.swift */,
			);
			path = Files;
			sourceTree = "<group>";
		};
		A493A4B7200277A300B229CB /* Launch Screen */ = {
			isa = PBXGroup;
			children = (
				A44E4E7C1FFA915D00CBE189 /* LaunchScreen.storyboard */,
			);
			path = "Launch Screen";
			sourceTree = "<group>";
		};
		A49C0DD11FFE66C1006BE494 /* Settings */ = {
			isa = PBXGroup;
			children = (
				A47B460D205BBC4400B36AF0 /* Settings.storyboard */,
				A40D4449200248EF00A14AD1 /* SettingsViewController.swift */,
				A42F79E820790E6E006CD1D5 /* InAppPurchases.swift */,
				A42F79EA20790FE2006CD1D5 /* InAppPurchaseService.swift */,
			);
			path = Settings;
			sourceTree = "<group>";
		};
		A4D856322026F8F700166316 /* Hash */ = {
			isa = PBXGroup;
			children = (
				A47F815E205BE95800930F78 /* de */,
				A4EB420B202992CC0020D347 /* Crc32.swift */,
				A4B4381A2029C4E00053CF54 /* HashNotifications.swift */,
				A4EB420E2029A22A0020D347 /* HashPrefs.swift */,
				A4D856352026F8F700166316 /* MainInterface.storyboard */,
				A4D856332026F8F700166316 /* HashActionViewController.swift */,
				A4B438182029AC6C0053CF54 /* HashFunctionDetailViewController.swift */,
				A4D856382026F8F700166316 /* Info.plist */,
			);
			path = Hash;
			sourceTree = "<group>";
		};
		DFDC8A6C3DFDCA4D530EEE57 /* Pods */ = {
			isa = PBXGroup;
			children = (
				E9DFAF4D37433A07795BD64C /* Pods-localstorage.debug.xcconfig */,
				CACE514122A426F15A2F3133 /* Pods-localstorage.release.xcconfig */,
				43CC08BD8E0660F30906539E /* Pods-Hash.debug.xcconfig */,
				D869EBF50C8D622D903F3BF8 /* Pods-Hash.release.xcconfig */,
				7D4EAA4CBBF37B5D771452C5 /* Pods-Unzip.debug.xcconfig */,
				7C86CD324DD4835BFD3A40EB /* Pods-Unzip.release.xcconfig */,
			);
			name = Pods;
			sourceTree = "<group>";
		};
/* End PBXGroup section */

/* Begin PBXNativeTarget section */
		A410E19A2045A8AC00D58CB0 /* Extract */ = {
			isa = PBXNativeTarget;
			buildConfigurationList = A410E1A62045A8AC00D58CB0 /* Build configuration list for PBXNativeTarget "Extract" */;
			buildPhases = (
				A410E1972045A8AC00D58CB0 /* Sources */,
				A410E1982045A8AC00D58CB0 /* Frameworks */,
				A410E1992045A8AC00D58CB0 /* Resources */,
			);
			buildRules = (
			);
			dependencies = (
			);
			name = Extract;
			productName = Zip;
			productReference = A410E19B2045A8AC00D58CB0 /* Extract.appex */;
			productType = "com.apple.product-type.app-extension";
		};
		A44E4E6F1FFA915C00CBE189 /* localstorage */ = {
			isa = PBXNativeTarget;
			buildConfigurationList = A44E4E821FFA915D00CBE189 /* Build configuration list for PBXNativeTarget "localstorage" */;
			buildPhases = (
				FDCA0D3CF09D57AF0E50F19F /* [CP] Check Pods Manifest.lock */,
				A44E4E6C1FFA915C00CBE189 /* Sources */,
				A44E4E6D1FFA915C00CBE189 /* Frameworks */,
				A44E4E6E1FFA915C00CBE189 /* Resources */,
				D747B6CF002FFCBEFF042F09 /* [CP] Embed Pods Frameworks */,
				A4D8563F2026F8F700166316 /* Embed App Extensions */,
			);
			buildRules = (
			);
			dependencies = (
				A4D8563A2026F8F700166316 /* PBXTargetDependency */,
				A410E1A42045A8AC00D58CB0 /* PBXTargetDependency */,
			);
			name = localstorage;
			productName = mem2;
			productReference = A44E4E701FFA915C00CBE189 /* localstorage.app */;
			productType = "com.apple.product-type.application";
		};
		A4D856302026F8F700166316 /* Hash */ = {
			isa = PBXNativeTarget;
			buildConfigurationList = A4D8563E2026F8F700166316 /* Build configuration list for PBXNativeTarget "Hash" */;
			buildPhases = (
				DA7D8F1B7ECC35C0D0E1A56D /* [CP] Check Pods Manifest.lock */,
				A4D8562D2026F8F700166316 /* Sources */,
				A4D8562E2026F8F700166316 /* Frameworks */,
				A4D8562F2026F8F700166316 /* Resources */,
			);
			buildRules = (
			);
			dependencies = (
			);
			name = Hash;
			productName = Hash;
			productReference = A4D856312026F8F700166316 /* Hash.appex */;
			productType = "com.apple.product-type.app-extension";
		};
/* End PBXNativeTarget section */

/* Begin PBXProject section */
		A44E4E681FFA915C00CBE189 /* Project object */ = {
			isa = PBXProject;
			attributes = {
				LastSwiftUpdateCheck = 0920;
				LastUpgradeCheck = 0930;
				ORGANIZATIONNAME = "Günther Eberl";
				TargetAttributes = {
					A410E19A2045A8AC00D58CB0 = {
						CreatedOnToolsVersion = 9.2;
						LastSwiftMigration = 1020;
						ProvisioningStyle = Automatic;
						SystemCapabilities = {
							com.apple.ApplicationGroups.iOS = {
								enabled = 1;
							};
						};
					};
					A44E4E6F1FFA915C00CBE189 = {
						CreatedOnToolsVersion = 9.2;
						LastSwiftMigration = 1020;
						ProvisioningStyle = Automatic;
						SystemCapabilities = {
							com.apple.ApplicationGroups.iOS = {
								enabled = 1;
							};
							com.apple.InAppPurchase = {
								enabled = 1;
							};
						};
					};
					A4D856302026F8F700166316 = {
						CreatedOnToolsVersion = 9.2;
						LastSwiftMigration = 1020;
						ProvisioningStyle = Automatic;
					};
				};
			};
			buildConfigurationList = A44E4E6B1FFA915C00CBE189 /* Build configuration list for PBXProject "localstorage" */;
			compatibilityVersion = "Xcode 8.0";
			developmentRegion = en;
			hasScannedForEncodings = 0;
			knownRegions = (
				en,
				Base,
				de,
			);
			mainGroup = A44E4E671FFA915C00CBE189;
			productRefGroup = A44E4E711FFA915C00CBE189 /* Products */;
			projectDirPath = "";
			projectRoot = "";
			targets = (
				A44E4E6F1FFA915C00CBE189 /* localstorage */,
				A4D856302026F8F700166316 /* Hash */,
				A410E19A2045A8AC00D58CB0 /* Extract */,
			);
		};
/* End PBXProject section */

/* Begin PBXResourcesBuildPhase section */
		A410E1992045A8AC00D58CB0 /* Resources */ = {
			isa = PBXResourcesBuildPhase;
			buildActionMask = 2147483647;
			files = (
				A410E1A12045A8AC00D58CB0 /* MainInterface.storyboard in Resources */,
				A47F815D205BE7B500930F78 /* Localizable.strings in Resources */,
			);
			runOnlyForDeploymentPostprocessing = 0;
		};
		A44E4E6E1FFA915C00CBE189 /* Resources */ = {
			isa = PBXResourcesBuildPhase;
			buildActionMask = 2147483647;
			files = (
				A44E4E7E1FFA915D00CBE189 /* LaunchScreen.storyboard in Resources */,
				A44E4E791FFA915D00CBE189 /* Main.storyboard in Resources */,
				A47F8156205BE71700930F78 /* Localizable.strings in Resources */,
				A47B4606205BBB5300B36AF0 /* Extract.storyboard in Resources */,
				A4A9E1252028A46B00146E4B /* Assets.xcassets in Resources */,
				A47B460B205BBC4400B36AF0 /* Settings.storyboard in Resources */,
			);
			runOnlyForDeploymentPostprocessing = 0;
		};
		A4D8562F2026F8F700166316 /* Resources */ = {
			isa = PBXResourcesBuildPhase;
			buildActionMask = 2147483647;
			files = (
				A4A9E1262028A63D00146E4B /* Assets.xcassets in Resources */,
				A47F8159205BE77100930F78 /* Localizable.strings in Resources */,
				A4D856372026F8F700166316 /* MainInterface.storyboard in Resources */,
			);
			runOnlyForDeploymentPostprocessing = 0;
		};
/* End PBXResourcesBuildPhase section */

/* Begin PBXShellScriptBuildPhase section */
		D747B6CF002FFCBEFF042F09 /* [CP] Embed Pods Frameworks */ = {
			isa = PBXShellScriptBuildPhase;
			buildActionMask = 2147483647;
			files = (
			);
			inputPaths = (
				"${PODS_ROOT}/Target Support Files/Pods-localstorage/Pods-localstorage-frameworks.sh",
				"${BUILT_PRODUCTS_DIR}/BitByteData/BitByteData.framework",
				"${BUILT_PRODUCTS_DIR}/Charts/Charts.framework",
				"${BUILT_PRODUCTS_DIR}/SWCompression/SWCompression.framework",
				"${BUILT_PRODUCTS_DIR}/YMTreeMap/YMTreeMap.framework",
				"${BUILT_PRODUCTS_DIR}/CommonCryptoModule/CommonCryptoModule.framework",
			);
			name = "[CP] Embed Pods Frameworks";
			outputPaths = (
				"${TARGET_BUILD_DIR}/${FRAMEWORKS_FOLDER_PATH}/BitByteData.framework",
				"${TARGET_BUILD_DIR}/${FRAMEWORKS_FOLDER_PATH}/Charts.framework",
				"${TARGET_BUILD_DIR}/${FRAMEWORKS_FOLDER_PATH}/SWCompression.framework",
				"${TARGET_BUILD_DIR}/${FRAMEWORKS_FOLDER_PATH}/YMTreeMap.framework",
				"${TARGET_BUILD_DIR}/${FRAMEWORKS_FOLDER_PATH}/CommonCryptoModule.framework",
			);
			runOnlyForDeploymentPostprocessing = 0;
			shellPath = /bin/sh;
			shellScript = "\"${PODS_ROOT}/Target Support Files/Pods-localstorage/Pods-localstorage-frameworks.sh\"\n";
			showEnvVarsInLog = 0;
		};
		DA7D8F1B7ECC35C0D0E1A56D /* [CP] Check Pods Manifest.lock */ = {
			isa = PBXShellScriptBuildPhase;
			buildActionMask = 2147483647;
			files = (
			);
			inputPaths = (
				"${PODS_PODFILE_DIR_PATH}/Podfile.lock",
				"${PODS_ROOT}/Manifest.lock",
			);
			name = "[CP] Check Pods Manifest.lock";
			outputPaths = (
				"$(DERIVED_FILE_DIR)/Pods-Hash-checkManifestLockResult.txt",
			);
			runOnlyForDeploymentPostprocessing = 0;
			shellPath = /bin/sh;
			shellScript = "diff \"${PODS_PODFILE_DIR_PATH}/Podfile.lock\" \"${PODS_ROOT}/Manifest.lock\" > /dev/null\nif [ $? != 0 ] ; then\n    # print error to STDERR\n    echo \"error: The sandbox is not in sync with the Podfile.lock. Run 'pod install' or update your CocoaPods installation.\" >&2\n    exit 1\nfi\n# This output is used by Xcode 'outputs' to avoid re-running this script phase.\necho \"SUCCESS\" > \"${SCRIPT_OUTPUT_FILE_0}\"\n";
			showEnvVarsInLog = 0;
		};
		FDCA0D3CF09D57AF0E50F19F /* [CP] Check Pods Manifest.lock */ = {
			isa = PBXShellScriptBuildPhase;
			buildActionMask = 2147483647;
			files = (
			);
			inputPaths = (
				"${PODS_PODFILE_DIR_PATH}/Podfile.lock",
				"${PODS_ROOT}/Manifest.lock",
			);
			name = "[CP] Check Pods Manifest.lock";
			outputPaths = (
				"$(DERIVED_FILE_DIR)/Pods-localstorage-checkManifestLockResult.txt",
			);
			runOnlyForDeploymentPostprocessing = 0;
			shellPath = /bin/sh;
			shellScript = "diff \"${PODS_PODFILE_DIR_PATH}/Podfile.lock\" \"${PODS_ROOT}/Manifest.lock\" > /dev/null\nif [ $? != 0 ] ; then\n    # print error to STDERR\n    echo \"error: The sandbox is not in sync with the Podfile.lock. Run 'pod install' or update your CocoaPods installation.\" >&2\n    exit 1\nfi\n# This output is used by Xcode 'outputs' to avoid re-running this script phase.\necho \"SUCCESS\" > \"${SCRIPT_OUTPUT_FILE_0}\"\n";
			showEnvVarsInLog = 0;
		};
/* End PBXShellScriptBuildPhase section */

/* Begin PBXSourcesBuildPhase section */
		A410E1972045A8AC00D58CB0 /* Sources */ = {
			isa = PBXSourcesBuildPhase;
			buildActionMask = 2147483647;
			files = (
				A410E19E2045A8AC00D58CB0 /* ExtractShareViewController.swift in Sources */,
			);
			runOnlyForDeploymentPostprocessing = 0;
		};
		A44E4E6C1FFA915C00CBE189 /* Sources */ = {
			isa = PBXSourcesBuildPhase;
			buildActionMask = 2147483647;
			files = (
				A468034F2076579A0088731A /* FilesCollectionViewLayout.swift in Sources */,
				A48DB9042048948900E9619E /* ExtractViewController.swift in Sources */,
				A45F5A21204EC7C5001E2AA0 /* ExtractNavController.swift in Sources */,
				A41B484D20028430005A9161 /* TypesViewController.swift in Sources */,
				A482821920025FC200DC2131 /* Prefs.swift in Sources */,
				A48EFC43200F86AE0084B0D5 /* TypeDetailViewController.swift in Sources */,
				A482821620025F5500DC2131 /* Notifications.swift in Sources */,
				A44E4E761FFA915D00CBE189 /* OverviewViewController.swift in Sources */,
				A41FEB132000EFB700149DEE /* TabBarController.swift in Sources */,
				A42F79EB20790FE2006CD1D5 /* InAppPurchaseService.swift in Sources */,
				A468034920764C7F0088731A /* FilesCollectionViewCell.swift in Sources */,
				A42F79E920790E6E006CD1D5 /* InAppPurchases.swift in Sources */,
				A48E039420764844004FCC42 /* FilesViewController.swift in Sources */,
				A418AC7E2000092000E3EAF1 /* Common.swift in Sources */,
				A40D444A200248EF00A14AD1 /* SettingsViewController.swift in Sources */,
				A44E4E741FFA915C00CBE189 /* AppDelegate.swift in Sources */,
			);
			runOnlyForDeploymentPostprocessing = 0;
		};
		A4D8562D2026F8F700166316 /* Sources */ = {
			isa = PBXSourcesBuildPhase;
			buildActionMask = 2147483647;
			files = (
				A4D856342026F8F700166316 /* HashActionViewController.swift in Sources */,
				A4B438192029AC6C0053CF54 /* HashFunctionDetailViewController.swift in Sources */,
				A4EB420F2029A22A0020D347 /* HashPrefs.swift in Sources */,
				A4B4381B2029C4E00053CF54 /* HashNotifications.swift in Sources */,
				A4EB420C202992CC0020D347 /* Crc32.swift in Sources */,
			);
			runOnlyForDeploymentPostprocessing = 0;
		};
/* End PBXSourcesBuildPhase section */

/* Begin PBXTargetDependency section */
		A410E1A42045A8AC00D58CB0 /* PBXTargetDependency */ = {
			isa = PBXTargetDependency;
			target = A410E19A2045A8AC00D58CB0 /* Extract */;
			targetProxy = A410E1A32045A8AC00D58CB0 /* PBXContainerItemProxy */;
		};
		A4D8563A2026F8F700166316 /* PBXTargetDependency */ = {
			isa = PBXTargetDependency;
			target = A4D856302026F8F700166316 /* Hash */;
			targetProxy = A4D856392026F8F700166316 /* PBXContainerItemProxy */;
		};
/* End PBXTargetDependency section */

/* Begin PBXVariantGroup section */
		A410E19F2045A8AC00D58CB0 /* MainInterface.storyboard */ = {
			isa = PBXVariantGroup;
			children = (
				A410E1A02045A8AC00D58CB0 /* Base */,
			);
			name = MainInterface.storyboard;
			sourceTree = "<group>";
		};
		A44E4E771FFA915D00CBE189 /* Main.storyboard */ = {
			isa = PBXVariantGroup;
			children = (
				A44E4E781FFA915D00CBE189 /* Base */,
				A47B4603205BB38E00B36AF0 /* de */,
			);
			name = Main.storyboard;
			sourceTree = "<group>";
		};
		A44E4E7C1FFA915D00CBE189 /* LaunchScreen.storyboard */ = {
			isa = PBXVariantGroup;
			children = (
				A44E4E7D1FFA915D00CBE189 /* Base */,
			);
			name = LaunchScreen.storyboard;
			sourceTree = "<group>";
		};
		A47B4608205BBB5300B36AF0 /* Extract.storyboard */ = {
			isa = PBXVariantGroup;
			children = (
				A47B4607205BBB5300B36AF0 /* Base */,
				A47B460A205BBB7600B36AF0 /* de */,
			);
			name = Extract.storyboard;
			sourceTree = "<group>";
		};
		A47B460D205BBC4400B36AF0 /* Settings.storyboard */ = {
			isa = PBXVariantGroup;
			children = (
				A47B460C205BBC4400B36AF0 /* Base */,
				A47B460F205BBC4A00B36AF0 /* de */,
			);
			name = Settings.storyboard;
			sourceTree = "<group>";
		};
		A47F8154205BE71700930F78 /* Localizable.strings */ = {
			isa = PBXVariantGroup;
			children = (
				A47F8155205BE71700930F78 /* de */,
			);
			name = Localizable.strings;
			sourceTree = "<group>";
		};
		A47F8157205BE77100930F78 /* Localizable.strings */ = {
			isa = PBXVariantGroup;
			children = (
				A47F8158205BE77100930F78 /* de */,
			);
			name = Localizable.strings;
			sourceTree = "<group>";
		};
		A47F815B205BE7B500930F78 /* Localizable.strings */ = {
			isa = PBXVariantGroup;
			children = (
				A47F815C205BE7B500930F78 /* de */,
			);
			name = Localizable.strings;
			sourceTree = "<group>";
		};
		A4D856352026F8F700166316 /* MainInterface.storyboard */ = {
			isa = PBXVariantGroup;
			children = (
				A4D856362026F8F700166316 /* Base */,
				A47B4604205BB38E00B36AF0 /* de */,
			);
			name = MainInterface.storyboard;
			sourceTree = "<group>";
		};
/* End PBXVariantGroup section */

/* Begin XCBuildConfiguration section */
		A410E1A72045A8AC00D58CB0 /* Debug */ = {
			isa = XCBuildConfiguration;
			buildSettings = {
				CODE_SIGN_ENTITLEMENTS = Extract/Extract.entitlements;
				CODE_SIGN_STYLE = Automatic;
				DEVELOPMENT_TEAM = QEZ83PUW72;
				INFOPLIST_FILE = "$(SRCROOT)/Extract/Info.plist";
				IPHONEOS_DEPLOYMENT_TARGET = 11.0;
				LD_RUNPATH_SEARCH_PATHS = "$(inherited) @executable_path/Frameworks @executable_path/../../Frameworks";
				PRODUCT_BUNDLE_IDENTIFIER = se.eberl.localstorage.Zip;
				PRODUCT_NAME = "$(TARGET_NAME)";
				SKIP_INSTALL = YES;
				SWIFT_VERSION = 5.0;
				TARGETED_DEVICE_FAMILY = "1,2";
			};
			name = Debug;
		};
		A410E1A82045A8AC00D58CB0 /* Release */ = {
			isa = XCBuildConfiguration;
			buildSettings = {
				CODE_SIGN_ENTITLEMENTS = Extract/Extract.entitlements;
				CODE_SIGN_STYLE = Automatic;
				DEVELOPMENT_TEAM = QEZ83PUW72;
				INFOPLIST_FILE = "$(SRCROOT)/Extract/Info.plist";
				IPHONEOS_DEPLOYMENT_TARGET = 11.0;
				LD_RUNPATH_SEARCH_PATHS = "$(inherited) @executable_path/Frameworks @executable_path/../../Frameworks";
				PRODUCT_BUNDLE_IDENTIFIER = se.eberl.localstorage.Zip;
				PRODUCT_NAME = "$(TARGET_NAME)";
				SKIP_INSTALL = YES;
				SWIFT_VERSION = 5.0;
				TARGETED_DEVICE_FAMILY = "1,2";
			};
			name = Release;
		};
		A44E4E801FFA915D00CBE189 /* Debug */ = {
			isa = XCBuildConfiguration;
			buildSettings = {
				ALWAYS_EMBED_SWIFT_STANDARD_LIBRARIES = "$(inherited)";
				ALWAYS_SEARCH_USER_PATHS = NO;
				CLANG_ANALYZER_LOCALIZABILITY_NONLOCALIZED = YES;
				CLANG_ANALYZER_NONNULL = YES;
				CLANG_ANALYZER_NUMBER_OBJECT_CONVERSION = YES_AGGRESSIVE;
				CLANG_CXX_LANGUAGE_STANDARD = "gnu++14";
				CLANG_CXX_LIBRARY = "libc++";
				CLANG_ENABLE_MODULES = YES;
				CLANG_ENABLE_OBJC_ARC = YES;
				CLANG_WARN_BLOCK_CAPTURE_AUTORELEASING = YES;
				CLANG_WARN_BOOL_CONVERSION = YES;
				CLANG_WARN_COMMA = YES;
				CLANG_WARN_CONSTANT_CONVERSION = YES;
				CLANG_WARN_DEPRECATED_OBJC_IMPLEMENTATIONS = YES;
				CLANG_WARN_DIRECT_OBJC_ISA_USAGE = YES_ERROR;
				CLANG_WARN_DOCUMENTATION_COMMENTS = YES;
				CLANG_WARN_EMPTY_BODY = YES;
				CLANG_WARN_ENUM_CONVERSION = YES;
				CLANG_WARN_INFINITE_RECURSION = YES;
				CLANG_WARN_INT_CONVERSION = YES;
				CLANG_WARN_NON_LITERAL_NULL_CONVERSION = YES;
				CLANG_WARN_OBJC_IMPLICIT_RETAIN_SELF = YES;
				CLANG_WARN_OBJC_LITERAL_CONVERSION = YES;
				CLANG_WARN_OBJC_ROOT_CLASS = YES_ERROR;
				CLANG_WARN_RANGE_LOOP_ANALYSIS = YES;
				CLANG_WARN_STRICT_PROTOTYPES = YES;
				CLANG_WARN_SUSPICIOUS_MOVE = YES;
				CLANG_WARN_UNGUARDED_AVAILABILITY = YES_AGGRESSIVE;
				CLANG_WARN_UNREACHABLE_CODE = YES;
				CLANG_WARN__DUPLICATE_METHOD_MATCH = YES;
				CODE_SIGN_IDENTITY = "iPhone Developer";
				COPY_PHASE_STRIP = NO;
				DEBUG_INFORMATION_FORMAT = dwarf;
				ENABLE_STRICT_OBJC_MSGSEND = YES;
				ENABLE_TESTABILITY = YES;
				GCC_C_LANGUAGE_STANDARD = gnu11;
				GCC_DYNAMIC_NO_PIC = NO;
				GCC_NO_COMMON_BLOCKS = YES;
				GCC_OPTIMIZATION_LEVEL = 0;
				GCC_PREPROCESSOR_DEFINITIONS = (
					"DEBUG=1",
					"$(inherited)",
				);
				GCC_WARN_64_TO_32_BIT_CONVERSION = YES;
				GCC_WARN_ABOUT_RETURN_TYPE = YES_ERROR;
				GCC_WARN_UNDECLARED_SELECTOR = YES;
				GCC_WARN_UNINITIALIZED_AUTOS = YES_AGGRESSIVE;
				GCC_WARN_UNUSED_FUNCTION = YES;
				GCC_WARN_UNUSED_VARIABLE = YES;
				IPHONEOS_DEPLOYMENT_TARGET = 11.2;
				MTL_ENABLE_DEBUG_INFO = YES;
				ONLY_ACTIVE_ARCH = YES;
				SDKROOT = iphoneos;
				SWIFT_ACTIVE_COMPILATION_CONDITIONS = DEBUG;
				SWIFT_OPTIMIZATION_LEVEL = "-Onone";
			};
			name = Debug;
		};
		A44E4E811FFA915D00CBE189 /* Release */ = {
			isa = XCBuildConfiguration;
			buildSettings = {
				ALWAYS_EMBED_SWIFT_STANDARD_LIBRARIES = "$(inherited)";
				ALWAYS_SEARCH_USER_PATHS = NO;
				CLANG_ANALYZER_LOCALIZABILITY_NONLOCALIZED = YES;
				CLANG_ANALYZER_NONNULL = YES;
				CLANG_ANALYZER_NUMBER_OBJECT_CONVERSION = YES_AGGRESSIVE;
				CLANG_CXX_LANGUAGE_STANDARD = "gnu++14";
				CLANG_CXX_LIBRARY = "libc++";
				CLANG_ENABLE_MODULES = YES;
				CLANG_ENABLE_OBJC_ARC = YES;
				CLANG_WARN_BLOCK_CAPTURE_AUTORELEASING = YES;
				CLANG_WARN_BOOL_CONVERSION = YES;
				CLANG_WARN_COMMA = YES;
				CLANG_WARN_CONSTANT_CONVERSION = YES;
				CLANG_WARN_DEPRECATED_OBJC_IMPLEMENTATIONS = YES;
				CLANG_WARN_DIRECT_OBJC_ISA_USAGE = YES_ERROR;
				CLANG_WARN_DOCUMENTATION_COMMENTS = YES;
				CLANG_WARN_EMPTY_BODY = YES;
				CLANG_WARN_ENUM_CONVERSION = YES;
				CLANG_WARN_INFINITE_RECURSION = YES;
				CLANG_WARN_INT_CONVERSION = YES;
				CLANG_WARN_NON_LITERAL_NULL_CONVERSION = YES;
				CLANG_WARN_OBJC_IMPLICIT_RETAIN_SELF = YES;
				CLANG_WARN_OBJC_LITERAL_CONVERSION = YES;
				CLANG_WARN_OBJC_ROOT_CLASS = YES_ERROR;
				CLANG_WARN_RANGE_LOOP_ANALYSIS = YES;
				CLANG_WARN_STRICT_PROTOTYPES = YES;
				CLANG_WARN_SUSPICIOUS_MOVE = YES;
				CLANG_WARN_UNGUARDED_AVAILABILITY = YES_AGGRESSIVE;
				CLANG_WARN_UNREACHABLE_CODE = YES;
				CLANG_WARN__DUPLICATE_METHOD_MATCH = YES;
				CODE_SIGN_IDENTITY = "iPhone Developer";
				COPY_PHASE_STRIP = NO;
				DEBUG_INFORMATION_FORMAT = "dwarf-with-dsym";
				ENABLE_NS_ASSERTIONS = NO;
				ENABLE_STRICT_OBJC_MSGSEND = YES;
				GCC_C_LANGUAGE_STANDARD = gnu11;
				GCC_NO_COMMON_BLOCKS = YES;
				GCC_WARN_64_TO_32_BIT_CONVERSION = YES;
				GCC_WARN_ABOUT_RETURN_TYPE = YES_ERROR;
				GCC_WARN_UNDECLARED_SELECTOR = YES;
				GCC_WARN_UNINITIALIZED_AUTOS = YES_AGGRESSIVE;
				GCC_WARN_UNUSED_FUNCTION = YES;
				GCC_WARN_UNUSED_VARIABLE = YES;
				IPHONEOS_DEPLOYMENT_TARGET = 11.2;
				MTL_ENABLE_DEBUG_INFO = NO;
				SDKROOT = iphoneos;
				SWIFT_OPTIMIZATION_LEVEL = "-Owholemodule";
				VALIDATE_PRODUCT = YES;
			};
			name = Release;
		};
		A44E4E831FFA915D00CBE189 /* Debug */ = {
			isa = XCBuildConfiguration;
			baseConfigurationReference = E9DFAF4D37433A07795BD64C /* Pods-localstorage.debug.xcconfig */;
			buildSettings = {
				ALWAYS_EMBED_SWIFT_STANDARD_LIBRARIES = "$(inherited)";
				ASSETCATALOG_COMPILER_APPICON_NAME = AppIcon;
				CODE_SIGN_ENTITLEMENTS = localstorage.entitlements;
				CODE_SIGN_STYLE = Automatic;
				DEVELOPMENT_TEAM = QEZ83PUW72;
				INFOPLIST_FILE = "$(SRCROOT)/Local Storage/Info.plist";
				IPHONEOS_DEPLOYMENT_TARGET = 11.0;
				LD_RUNPATH_SEARCH_PATHS = "$(inherited) @executable_path/Frameworks";
				PRODUCT_BUNDLE_IDENTIFIER = se.eberl.localstorage;
				PRODUCT_NAME = "$(TARGET_NAME)";
				SWIFT_VERSION = 5.0;
				TARGETED_DEVICE_FAMILY = "1,2";
			};
			name = Debug;
		};
		A44E4E841FFA915D00CBE189 /* Release */ = {
			isa = XCBuildConfiguration;
			baseConfigurationReference = CACE514122A426F15A2F3133 /* Pods-localstorage.release.xcconfig */;
			buildSettings = {
				ALWAYS_EMBED_SWIFT_STANDARD_LIBRARIES = "$(inherited)";
				ASSETCATALOG_COMPILER_APPICON_NAME = AppIcon;
				CODE_SIGN_ENTITLEMENTS = localstorage.entitlements;
				CODE_SIGN_STYLE = Automatic;
				DEVELOPMENT_TEAM = QEZ83PUW72;
				INFOPLIST_FILE = "$(SRCROOT)/Local Storage/Info.plist";
				IPHONEOS_DEPLOYMENT_TARGET = 11.0;
				LD_RUNPATH_SEARCH_PATHS = "$(inherited) @executable_path/Frameworks";
				PRODUCT_BUNDLE_IDENTIFIER = se.eberl.localstorage;
				PRODUCT_NAME = "$(TARGET_NAME)";
				SWIFT_VERSION = 5.0;
				TARGETED_DEVICE_FAMILY = "1,2";
			};
			name = Release;
		};
		A4D8563C2026F8F700166316 /* Debug */ = {
			isa = XCBuildConfiguration;
			baseConfigurationReference = 43CC08BD8E0660F30906539E /* Pods-Hash.debug.xcconfig */;
			buildSettings = {
				ASSETCATALOG_COMPILER_APPICON_NAME = HashActionExtIcon;
				CODE_SIGN_STYLE = Automatic;
				DEVELOPMENT_TEAM = QEZ83PUW72;
				INFOPLIST_FILE = Hash/Info.plist;
				IPHONEOS_DEPLOYMENT_TARGET = 11.0;
				LD_RUNPATH_SEARCH_PATHS = "$(inherited) @executable_path/Frameworks @executable_path/../../Frameworks";
				PRODUCT_BUNDLE_IDENTIFIER = se.eberl.localstorage.hash;
				PRODUCT_NAME = "$(TARGET_NAME)";
				SKIP_INSTALL = YES;
				SWIFT_VERSION = 5.0;
				TARGETED_DEVICE_FAMILY = "1,2";
			};
			name = Debug;
		};
		A4D8563D2026F8F700166316 /* Release */ = {
			isa = XCBuildConfiguration;
			baseConfigurationReference = D869EBF50C8D622D903F3BF8 /* Pods-Hash.release.xcconfig */;
			buildSettings = {
				ASSETCATALOG_COMPILER_APPICON_NAME = HashActionExtIcon;
				CODE_SIGN_STYLE = Automatic;
				DEVELOPMENT_TEAM = QEZ83PUW72;
				INFOPLIST_FILE = Hash/Info.plist;
				IPHONEOS_DEPLOYMENT_TARGET = 11.0;
				LD_RUNPATH_SEARCH_PATHS = "$(inherited) @executable_path/Frameworks @executable_path/../../Frameworks";
				PRODUCT_BUNDLE_IDENTIFIER = se.eberl.localstorage.hash;
				PRODUCT_NAME = "$(TARGET_NAME)";
				SKIP_INSTALL = YES;
				SWIFT_VERSION = 5.0;
				TARGETED_DEVICE_FAMILY = "1,2";
			};
			name = Release;
		};
/* End XCBuildConfiguration section */

/* Begin XCConfigurationList section */
		A410E1A62045A8AC00D58CB0 /* Build configuration list for PBXNativeTarget "Extract" */ = {
			isa = XCConfigurationList;
			buildConfigurations = (
				A410E1A72045A8AC00D58CB0 /* Debug */,
				A410E1A82045A8AC00D58CB0 /* Release */,
			);
			defaultConfigurationIsVisible = 0;
			defaultConfigurationName = Release;
		};
		A44E4E6B1FFA915C00CBE189 /* Build configuration list for PBXProject "localstorage" */ = {
			isa = XCConfigurationList;
			buildConfigurations = (
				A44E4E801FFA915D00CBE189 /* Debug */,
				A44E4E811FFA915D00CBE189 /* Release */,
			);
			defaultConfigurationIsVisible = 0;
			defaultConfigurationName = Release;
		};
		A44E4E821FFA915D00CBE189 /* Build configuration list for PBXNativeTarget "localstorage" */ = {
			isa = XCConfigurationList;
			buildConfigurations = (
				A44E4E831FFA915D00CBE189 /* Debug */,
				A44E4E841FFA915D00CBE189 /* Release */,
			);
			defaultConfigurationIsVisible = 0;
			defaultConfigurationName = Release;
		};
		A4D8563E2026F8F700166316 /* Build configuration list for PBXNativeTarget "Hash" */ = {
			isa = XCConfigurationList;
			buildConfigurations = (
				A4D8563C2026F8F700166316 /* Debug */,
				A4D8563D2026F8F700166316 /* Release */,
			);
			defaultConfigurationIsVisible = 0;
			defaultConfigurationName = Release;
		};
/* End XCConfigurationList section */
	};
	rootObject = A44E4E681FFA915C00CBE189 /* Project object */;
}
