PODS:
  - BitByteData (1.1.1)
  - Charts (3.1.1):
    - Charts/Core (= 3.1.1)
  - Charts/Core (3.1.1)
  - CommonCryptoModule (1.0.2)
  - SWCompression (4.2.0):
    - BitByteData (~> 1.1)
    - SWCompression/BZip2 (= 4.2.0)
    - SWCompression/Deflate (= 4.2.0)
    - SWCompression/GZip (= 4.2.0)
    - SWCompression/LZMA (= 4.2.0)
    - SWCompression/LZMA2 (= 4.2.0)
    - SWCompression/SevenZip (= 4.2.0)
    - SWCompression/TAR (= 4.2.0)
    - SWCompression/XZ (= 4.2.0)
    - SWCompression/ZIP (= 4.2.0)
    - SWCompression/Zlib (= 4.2.0)
  - SWCompression/BZip2 (4.2.0):
    - BitByteData (~> 1.1)
  - SWCompression/Deflate (4.2.0):
    - BitByteData (~> 1.1)
  - SWCompression/GZip (4.2.0):
    - BitByteData (~> 1.1)
    - SWCompression/Deflate
  - SWCompression/LZMA (4.2.0):
    - BitByteData (~> 1.1)
  - SWCompression/LZMA2 (4.2.0):
    - BitByteData (~> 1.1)
    - SWCompression/LZMA
  - SWCompression/SevenZip (4.2.0):
    - BitByteData (~> 1.1)
    - SWCompression/LZMA2
  - SWCompression/TAR (4.2.0):
    - BitByteData (~> 1.1)
  - SWCompression/XZ (4.2.0):
    - BitByteData (~> 1.1)
    - SWCompression/LZMA2
  - SWCompression/ZIP (4.2.0):
    - BitByteData (~> 1.1)
    - SWCompression/Deflate
  - SWCompression/Zlib (4.2.0):
    - BitByteData (~> 1.1)
    - SWCompression/Deflate
  - YMTreeMap (1.0.0)

DEPENDENCIES:
  - Charts
  - CommonCryptoModule
  - SWCompression
  - SWCompression/BZip2
  - SWCompression/Deflate
  - SWCompression/LZMA
  - YMTreeMap

SPEC CHECKSUMS:
  BitByteData: f8d72f4fc98d9334ae619730d23e2990c029e904
  Charts: 90a4d61da0f6e06684c591e3bcab11940fe61736
  CommonCryptoModule: 63a68b57abed79655b3a01011419bf037a05b0a0
  SWCompression: a94532c285650ac6a0656ff1de48b30e49c45ae7
  YMTreeMap: 0921b0803ab60b3cc684a0138f542d35a0b875a1

PODFILE CHECKSUM: c5dbdeac7d0645394c669288d11756141e3208a4

COCOAPODS: 1.3.1
